
Microsoft Visual Studio Solution File, Format Version 12.00
# Visual Studio 14
VisualStudioVersion = 14.0.23107.0
MinimumVisualStudioVersion = 10.0.40219.1
Project("{FAE04EC0-301F-11D3-BF4B-00C04F79EFBC}") = "Tourney2015ReportGenerator", "Tourney2015ReportGenerator\Tourney2015ReportGenerator.csproj", "{E415CA94-C324-4A5B-A0D6-19052B6D82FE}"
EndProject
Global
	GlobalSection(SolutionConfigurationPlatforms) = preSolution
		Debug|Any CPU = Debug|Any CPU
		Release|Any CPU = Release|Any CPU
	EndGlobalSection
	GlobalSection(ProjectConfigurationPlatforms) = postSolution
		{E415CA94-C324-4A5B-A0D6-19052B6D82FE}.Debug|Any CPU.ActiveCfg = Debug|Any CPU
		{E415CA94-C324-4A5B-A0D6-19052B6D82FE}.Debug|Any CPU.Build.0 = Debug|Any CPU
		{E415CA94-C324-4A5B-A0D6-19052B6D82FE}.Release|Any CPU.ActiveCfg = Release|Any CPU
		{E415CA94-C324-4A5B-A0D6-19052B6D82FE}.Release|Any CPU.Build.0 = Release|Any CPU
	EndGlobalSection
	GlobalSection(SolutionProperties) = preSolution
		HideSolutionNode = FALSE
	EndGlobalSection
EndGlobal
